
Microsoft Visual Studio Solution File, Format Version 12.00
# Visual Studio 15
VisualStudioVersion = 15.0.27703.2026
MinimumVisualStudioVersion = 10.0.40219.1
Project("{9A19103F-16F7-4668-BE54-9A1E7A4F7556}") = "DAL", "DAL\DAL.csproj", "{5F97E571-E88F-4FA1-AAFF-B5A637883363}"
EndProject
Project("{9A19103F-16F7-4668-BE54-9A1E7A4F7556}") = "BLL", "BLL\BLL.csproj", "{5713665E-1E1B-4529-A609-7AD053CD6431}"
EndProject
Project("{9A19103F-16F7-4668-BE54-9A1E7A4F7556}") = "FireVapeApplication", "FireVapeApplication\FireVapeApplication.csproj", "{5188B98F-914E-43A9-A2BC-08D920331ADD}"
EndProject
Global
	GlobalSection(SolutionConfigurationPlatforms) = preSolution
		Debug|Any CPU = Debug|Any CPU
		Release|Any CPU = Release|Any CPU
	EndGlobalSection
	GlobalSection(ProjectConfigurationPlatforms) = postSolution
		{5F97E571-E88F-4FA1-AAFF-B5A637883363}.Debug|Any CPU.ActiveCfg = Debug|Any CPU
		{5F97E571-E88F-4FA1-AAFF-B5A637883363}.Debug|Any CPU.Build.0 = Debug|Any CPU
		{5F97E571-E88F-4FA1-AAFF-B5A637883363}.Release|Any CPU.ActiveCfg = Release|Any CPU
		{5F97E571-E88F-4FA1-AAFF-B5A637883363}.Release|Any CPU.Build.0 = Release|Any CPU
		{5713665E-1E1B-4529-A609-7AD053CD6431}.Debug|Any CPU.ActiveCfg = Debug|Any CPU
		{5713665E-1E1B-4529-A609-7AD053CD6431}.Debug|Any CPU.Build.0 = Debug|Any CPU
		{5713665E-1E1B-4529-A609-7AD053CD6431}.Release|Any CPU.ActiveCfg = Release|Any CPU
		{5713665E-1E1B-4529-A609-7AD053CD6431}.Release|Any CPU.Build.0 = Release|Any CPU
		{5188B98F-914E-43A9-A2BC-08D920331ADD}.Debug|Any CPU.ActiveCfg = Debug|Any CPU
		{5188B98F-914E-43A9-A2BC-08D920331ADD}.Debug|Any CPU.Build.0 = Debug|Any CPU
		{5188B98F-914E-43A9-A2BC-08D920331ADD}.Release|Any CPU.ActiveCfg = Release|Any CPU
		{5188B98F-914E-43A9-A2BC-08D920331ADD}.Release|Any CPU.Build.0 = Release|Any CPU
	EndGlobalSection
	GlobalSection(SolutionProperties) = preSolution
		HideSolutionNode = FALSE
	EndGlobalSection
	GlobalSection(ExtensibilityGlobals) = postSolution
		SolutionGuid = {B4B9683D-AA34-41D9-8959-809F148DA95B}
	EndGlobalSection
EndGlobal
